
Microsoft Visual Studio Solution File, Format Version 12.00
# Visual Studio Version 16
VisualStudioVersion = 16.0.30611.23
MinimumVisualStudioVersion = 10.0.40219.1
Project("{9A19103F-16F7-4668-BE54-9A1E7A4F7556}") = "Data-Science-Tool-box-Main", "Data-Science-Tool-box-Main.csproj", "{2970A994-CCE2-4504-8528-06CF1E0C4743}"
EndProject
Global
	GlobalSection(SolutionConfigurationPlatforms) = preSolution
		Debug|Any CPU = Debug|Any CPU
		Release|Any CPU = Release|Any CPU
	EndGlobalSection
	GlobalSection(ProjectConfigurationPlatforms) = postSolution
		{2970A994-CCE2-4504-8528-06CF1E0C4743}.Debug|Any CPU.ActiveCfg = Debug|Any CPU
		{2970A994-CCE2-4504-8528-06CF1E0C4743}.Debug|Any CPU.Build.0 = Debug|Any CPU
		{2970A994-CCE2-4504-8528-06CF1E0C4743}.Release|Any CPU.ActiveCfg = Release|Any CPU
		{2970A994-CCE2-4504-8528-06CF1E0C4743}.Release|Any CPU.Build.0 = Release|Any CPU
	EndGlobalSection
	GlobalSection(SolutionProperties) = preSolution
		HideSolutionNode = FALSE
	EndGlobalSection
	GlobalSection(ExtensibilityGlobals) = postSolution
		SolutionGuid = {E37C81CA-6820-49EF-93A8-EDA1004961FB}
	EndGlobalSection
EndGlobal
